
Microsoft Visual Studio Solution File, Format Version 11.00
# Visual Studio 2010
Project("{FAE04EC0-301F-11D3-BF4B-00C04F79EFBC}") = "Dovico.CommonLibrary", "Dovico.CommonLibrary\Dovico.CommonLibrary.csproj", "{D1DEA6B0-4BE7-4ACE-8346-A8F149CCA87A}"
EndProject
Global
	GlobalSection(SolutionConfigurationPlatforms) = preSolution
		Debug|Any CPU = Debug|Any CPU
		Release|Any CPU = Release|Any CPU
	EndGlobalSection
	GlobalSection(ProjectConfigurationPlatforms) = postSolution
		{D1DEA6B0-4BE7-4ACE-8346-A8F149CCA87A}.Debug|Any CPU.ActiveCfg = Debug|Any CPU
		{D1DEA6B0-4BE7-4ACE-8346-A8F149CCA87A}.Debug|Any CPU.Build.0 = Debug|Any CPU
		{D1DEA6B0-4BE7-4ACE-8346-A8F149CCA87A}.Release|Any CPU.ActiveCfg = Release|Any CPU
		{D1DEA6B0-4BE7-4ACE-8346-A8F149CCA87A}.Release|Any CPU.Build.0 = Release|Any CPU
	EndGlobalSection
	GlobalSection(SolutionProperties) = preSolution
		HideSolutionNode = FALSE
	EndGlobalSection
EndGlobal
